
Microsoft Visual Studio Solution File, Format Version 12.00
# Visual Studio Version 16
VisualStudioVersion = 16.0.30611.23
MinimumVisualStudioVersion = 10.0.40219.1
Project("{FAE04EC0-301F-11D3-BF4B-00C04F79EFBC}") = "AdventureGame", "AdventureGame\AdventureGame.csproj", "{CAC5AFDB-B9EB-46D3-B916-E9ADB8452561}"
EndProject
Global
	GlobalSection(SolutionConfigurationPlatforms) = preSolution
		Debug|Any CPU = Debug|Any CPU
		Release|Any CPU = Release|Any CPU
	EndGlobalSection
	GlobalSection(ProjectConfigurationPlatforms) = postSolution
		{CAC5AFDB-B9EB-46D3-B916-E9ADB8452561}.Debug|Any CPU.ActiveCfg = Debug|Any CPU
		{CAC5AFDB-B9EB-46D3-B916-E9ADB8452561}.Debug|Any CPU.Build.0 = Debug|Any CPU
		{CAC5AFDB-B9EB-46D3-B916-E9ADB8452561}.Release|Any CPU.ActiveCfg = Release|Any CPU
		{CAC5AFDB-B9EB-46D3-B916-E9ADB8452561}.Release|Any CPU.Build.0 = Release|Any CPU
	EndGlobalSection
	GlobalSection(SolutionProperties) = preSolution
		HideSolutionNode = FALSE
	EndGlobalSection
	GlobalSection(ExtensibilityGlobals) = postSolution
		SolutionGuid = {53E48E77-209D-4FDB-A106-46657518F847}
	EndGlobalSection
EndGlobal
